{
    "name": "openpgp-action",
    "version": "1.0.0",
    "lockfileVersion": 1,
    "requires": true,
    "dependencies": {
        "@actions/core": {
            "version": "1.2.6",
            "resolved": "https://registry.npmjs.org/@actions/core/-/core-1.2.6.tgz",
            "integrity": "sha512-ZQYitnqiyBc3D+k7LsgSBmMDVkOVidaagDG7j3fOym77jNunWRuYx7VSHa9GNfFZh+zh61xsCjRj4JxMZlDqTA=="
        },
        "asn1.js": {
            "version": "5.4.1",
            "resolved": "https://registry.npmjs.org/asn1.js/-/asn1.js-5.4.1.tgz",
            "integrity": "sha512-+I//4cYPccV8LdmBLiX8CYvf9Sp3vQsrqu2QNXRcrbiWvcx/UdlFiqUJJzxRQxgsZmvhXhn4cSKeSmoFjVdupA==",
            "requires": {
                "bn.js": "^4.0.0",
                "inherits": "^2.0.1",
                "minimalistic-assert": "^1.0.0",
                "safer-buffer": "^2.1.0"
            }
        },
        "bn.js": {
            "version": "4.11.9",
            "resolved": "https://registry.npmjs.org/bn.js/-/bn.js-4.11.9.tgz",
            "integrity": "sha512-E6QoYqCKZfgatHTdHzs1RRKP7ip4vvm+EyRUeE2RF0NblwVvb0p6jSVeNTOFxPn26QXN2o6SMfNxKp6kU8zQaw=="
        },
        "graceful-fs": {
            "version": "4.2.4",
            "resolved": "https://registry.npmjs.org/graceful-fs/-/graceful-fs-4.2.4.tgz",
            "integrity": "sha512-WjKPNJF79dtJAVniUlGGWHYGz2jWxT6VhN/4m1NdkbZ2nOsEF+cI1Edgql5zCRhs/VsQYRvrXctxktVXZUkixw=="
        },
        "imurmurhash": {
            "version": "0.1.4",
            "resolved": "https://registry.npmjs.org/imurmurhash/-/imurmurhash-0.1.4.tgz",
            "integrity": "sha1-khi5srkoojixPcT7a21XbyMUU+o="
        },
        "inherits": {
            "version": "2.0.4",
            "resolved": "https://registry.npmjs.org/inherits/-/inherits-2.0.4.tgz",
            "integrity": "sha512-k/vGaX4/Yla3WzyMCvTQOXYeIHvqOKtnqBduzTHpzpQZzAskKMhZ2K+EnBiSM9zGSoIFeMpXKxa4dYeZIQqewQ=="
        },
        "minimalistic-assert": {
            "version": "1.0.1",
            "resolved": "https://registry.npmjs.org/minimalistic-assert/-/minimalistic-assert-1.0.1.tgz",
            "integrity": "sha512-UtJcAD4yEaGtjPezWuO9wC4nwUnVH/8/Im3yEHQP4b67cXlD/Qr9hdITCU1xDbSEXg2XKNaP8jsReV7vQd00/A=="
        },
        "node-fetch": {
            "version": "2.6.1",
            "resolved": "https://registry.npmjs.org/node-fetch/-/node-fetch-2.6.1.tgz",
            "integrity": "sha512-V4aYg89jEoVRxRb2fJdAg8FHvI7cEyYdVAh94HH0UIK8oJxUfkjlDQN9RbMx+bEjP7+ggMiFRprSti032Oipxw=="
        },
        "node-localstorage": {
            "version": "1.3.1",
            "resolved": "https://registry.npmjs.org/node-localstorage/-/node-localstorage-1.3.1.tgz",
            "integrity": "sha512-NMWCSWWc6JbHT5PyWlNT2i8r7PgGYXVntmKawY83k/M0UJScZ5jirb61TLnqKwd815DfBQu+lR3sRw08SPzIaQ==",
            "requires": {
                "write-file-atomic": "^1.1.4"
            }
        },
        "openpgp": {
            "version": "4.10.10",
            "resolved": "https://registry.npmjs.org/openpgp/-/openpgp-4.10.10.tgz",
            "integrity": "sha512-Ub48OogGPjNsr0G/wnJ/SyAQzt/tfcXZTWVZdjKFpXCQV1Ca+upFdSPPkBlGG3lb9EQGOKZJ2tzYNH6ZyKMkDQ==",
            "requires": {
                "asn1.js": "^5.0.0",
                "node-fetch": "^2.1.2",
                "node-localstorage": "~1.3.0"
            }
        },
        "safer-buffer": {
            "version": "2.1.2",
            "resolved": "https://registry.npmjs.org/safer-buffer/-/safer-buffer-2.1.2.tgz",
            "integrity": "sha512-YZo3K82SD7Riyi0E1EQPojLz7kpepnSQI9IyPbHHg1XXXevb5dJI7tpyN2ADxGcQbHG7vcyRHk0cbwqcQriUtg=="
        },
        "slide": {
            "version": "1.1.6",
            "resolved": "https://registry.npmjs.org/slide/-/slide-1.1.6.tgz",
            "integrity": "sha1-VusCfWW00tzmyy4tMsTUr8nh1wc="
        },
        "write-file-atomic": {
            "version": "1.3.4",
            "resolved": "https://registry.npmjs.org/write-file-atomic/-/write-file-atomic-1.3.4.tgz",
            "integrity": "sha1-+Aek8LHZ6ROuekgRLmzDrxmRtF8=",
            "requires": {
                "graceful-fs": "^4.1.11",
                "imurmurhash": "^0.1.4",
                "slide": "^1.1.5"
            }
        }
    }
}
